# This file is automatically @generated by Cargo.
# It is not intended for manual editing.
version = 3

[[package]]
name = "cc"
version = "1.0.79"
source = "registry+https://github.com/rust-lang/crates.io-index"
checksum = "50d30906286121d95be3d479533b458f87493b30a4b5f79a607db8f5d11aa91f"

[[package]]
name = "cstr_core"
version = "0.2.6"
source = "registry+https://github.com/rust-lang/crates.io-index"
checksum = "dd98742e4fdca832d40cab219dc2e3048de17d873248f83f17df47c1bea70956"
dependencies = [
 "cty",
 "memchr",
]

[[package]]
name = "cty"
version = "0.2.2"
source = "registry+https://github.com/rust-lang/crates.io-index"
checksum = "b365fabc795046672053e29c954733ec3b05e4be654ab130fe8f1f94d7051f35"

[[package]]
name = "hex"
version = "0.4.3"
source = "registry+https://github.com/rust-lang/crates.io-index"
checksum = "7f24254aa9a54b5c858eaee2f5bccdb46aaf0e486a595ed5fd8f86ba55232a70"

[[package]]
name = "memchr"
version = "2.5.0"
source = "registry+https://github.com/rust-lang/crates.io-index"
checksum = "2dffe52ecf27772e601905b7522cb4ef790d2cc203488bbd0e2fe85fcb74566d"

[[package]]
name = "proc-macro2"
version = "1.0.63"
source = "registry+https://github.com/rust-lang/crates.io-index"
checksum = "7b368fba921b0dce7e60f5e04ec15e565b3303972b42bcfde1d0713b881959eb"
dependencies = [
 "unicode-ident",
]

[[package]]
name = "quote"
version = "1.0.28"
source = "registry+https://github.com/rust-lang/crates.io-index"
checksum = "1b9ab9c7eadfd8df19006f1cf1a4aed13540ed5cbc047010ece5826e10825488"
dependencies = [
 "proc-macro2",
]

[[package]]
name = "rust_c"
version = "0.1.0"
dependencies = [
 "cstr_core",
 "cty",
 "hex",
 "secp256k1",
 "thiserror-core",
]

[[package]]
name = "secp256k1"
version = "0.27.0"
source = "registry+https://github.com/rust-lang/crates.io-index"
checksum = "25996b82292a7a57ed3508f052cfff8640d38d32018784acd714758b43da9c8f"
dependencies = [
 "secp256k1-sys",
]

[[package]]
name = "secp256k1-sys"
version = "0.8.1"
source = "registry+https://github.com/rust-lang/crates.io-index"
checksum = "70a129b9e9efbfb223753b9163c4ab3b13cff7fd9c7f010fbac25ab4099fa07e"
dependencies = [
 "cc",
]

[[package]]
name = "syn"
version = "1.0.109"
source = "registry+https://github.com/rust-lang/crates.io-index"
checksum = "72b64191b275b66ffe2469e8af2c1cfe3bafa67b529ead792a6d0160888b4237"
dependencies = [
 "proc-macro2",
 "quote",
 "unicode-ident",
]

[[package]]
name = "thiserror-core"
version = "1.0.38"
source = "registry+https://github.com/rust-lang/crates.io-index"
checksum = "0d97345f6437bb2004cd58819d8a9ef8e36cdd7661c2abc4bbde0a7c40d9f497"
dependencies = [
 "thiserror-core-impl",
]

[[package]]
name = "thiserror-core-impl"
version = "1.0.38"
source = "registry+https://github.com/rust-lang/crates.io-index"
checksum = "10ac1c5050e43014d16b2f94d0d2ce79e65ffdd8b38d8048f9c8f6a8a6da62ac"
dependencies = [
 "proc-macro2",
 "quote",
 "syn",
]

[[package]]
name = "unicode-ident"
version = "1.0.9"
source = "registry+https://github.com/rust-lang/crates.io-index"
checksum = "b15811caf2415fb889178633e7724bad2509101cde276048e013b9def5e51fa0"
